// !$*UTF8*$!
{
	archiveVersion = 1;
	classes = {
	};
	objectVersion = 56;
	objects = {

/* Begin PBXBuildFile section */
		CA26ABDF2C9C6CA900A849C2 /* FirebaseAnalytics in Frameworks */ = {isa = PBXBuildFile; productRef = CA26ABDE2C9C6CA900A849C2 /* FirebaseAnalytics */; };
		CA26ABE12C9C6CA900A849C2 /* FirebaseAuth in Frameworks */ = {isa = PBXBuildFile; productRef = CA26ABE02C9C6CA900A849C2 /* FirebaseAuth */; };
		CA26ABE32C9C6CA900A849C2 /* FirebaseAuthCombine-Community in Frameworks */ = {isa = PBXBuildFile; productRef = CA26ABE22C9C6CA900A849C2 /* FirebaseAuthCombine-Community */; };
		CA26ABE52C9C6CA900A849C2 /* FirebaseDatabase in Frameworks */ = {isa = PBXBuildFile; productRef = CA26ABE42C9C6CA900A849C2 /* FirebaseDatabase */; };
		CA26ABE72C9C6CA900A849C2 /* FirebaseFirestore in Frameworks */ = {isa = PBXBuildFile; productRef = CA26ABE62C9C6CA900A849C2 /* FirebaseFirestore */; };
		CA26ABE92C9C6CA900A849C2 /* FirebaseInAppMessaging-Beta in Frameworks */ = {isa = PBXBuildFile; productRef = CA26ABE82C9C6CA900A849C2 /* FirebaseInAppMessaging-Beta */; };
		CA26ABEB2C9C6CA900A849C2 /* FirebaseMessaging in Frameworks */ = {isa = PBXBuildFile; productRef = CA26ABEA2C9C6CA900A849C2 /* FirebaseMessaging */; };
		CA26ABED2C9C6CA900A849C2 /* FirebaseStorage in Frameworks */ = {isa = PBXBuildFile; productRef = CA26ABEC2C9C6CA900A849C2 /* FirebaseStorage */; };
		CA26ABEF2C9C6CA900A849C2 /* FirebaseStorageCombine-Community in Frameworks */ = {isa = PBXBuildFile; productRef = CA26ABEE2C9C6CA900A849C2 /* FirebaseStorageCombine-Community */; };
		CA26ABF42C9CBDC800A849C2 /* RegistrationView.swift in Sources */ = {isa = PBXBuildFile; fileRef = CA26ABF32C9CBDC800A849C2 /* RegistrationView.swift */; };
		CA87CC482CA46B1400AD1595 /* BackgroundRemovalView.swift in Sources */ = {isa = PBXBuildFile; fileRef = CA87CC472CA46B1400AD1595 /* BackgroundRemovalView.swift */; };
		CA87CC4A2CA4702900AD1595 /* GoogleService-Info.plist in Resources */ = {isa = PBXBuildFile; fileRef = CA87CC492CA4702900AD1595 /* GoogleService-Info.plist */; };
		CA87CC4C2CA4728A00AD1595 /* BackgroundRemoval.swift in Sources */ = {isa = PBXBuildFile; fileRef = CA87CC4B2CA4727B00AD1595 /* BackgroundRemoval.swift */; };
		CA87CC4E2CA4751000AD1595 /* UIImagePickerController.swift in Sources */ = {isa = PBXBuildFile; fileRef = CA87CC4D2CA4750E00AD1595 /* UIImagePickerController.swift */; };
		CADF05112C92911E004EFCA4 /* StyleApp.swift in Sources */ = {isa = PBXBuildFile; fileRef = CADF05102C92911E004EFCA4 /* StyleApp.swift */; };
		CADF05132C92911E004EFCA4 /* ContentView.swift in Sources */ = {isa = PBXBuildFile; fileRef = CADF05122C92911E004EFCA4 /* ContentView.swift */; };
		CADF05152C92911F004EFCA4 /* Assets.xcassets in Resources */ = {isa = PBXBuildFile; fileRef = CADF05142C92911F004EFCA4 /* Assets.xcassets */; };
		CADF05182C92911F004EFCA4 /* Preview Assets.xcassets in Resources */ = {isa = PBXBuildFile; fileRef = CADF05172C92911F004EFCA4 /* Preview Assets.xcassets */; };
/* End PBXBuildFile section */

/* Begin PBXFileReference section */
		CA26ABF32C9CBDC800A849C2 /* RegistrationView.swift */ = {isa = PBXFileReference; lastKnownFileType = sourcecode.swift; path = RegistrationView.swift; sourceTree = "<group>"; };
		CA87CC472CA46B1400AD1595 /* BackgroundRemovalView.swift */ = {isa = PBXFileReference; lastKnownFileType = sourcecode.swift; path = BackgroundRemovalView.swift; sourceTree = "<group>"; };
		CA87CC492CA4702900AD1595 /* GoogleService-Info.plist */ = {isa = PBXFileReference; lastKnownFileType = text.plist.xml; path = "GoogleService-Info.plist"; sourceTree = "<group>"; };
		CA87CC4B2CA4727B00AD1595 /* BackgroundRemoval.swift */ = {isa = PBXFileReference; lastKnownFileType = sourcecode.swift; path = BackgroundRemoval.swift; sourceTree = "<group>"; };
		CA87CC4D2CA4750E00AD1595 /* UIImagePickerController.swift */ = {isa = PBXFileReference; lastKnownFileType = sourcecode.swift; path = UIImagePickerController.swift; sourceTree = "<group>"; };
		CADF050D2C92911E004EFCA4 /* Styled.app */ = {isa = PBXFileReference; explicitFileType = wrapper.application; includeInIndex = 0; path = Styled.app; sourceTree = BUILT_PRODUCTS_DIR; };
		CADF05102C92911E004EFCA4 /* StyleApp.swift */ = {isa = PBXFileReference; lastKnownFileType = sourcecode.swift; path = StyleApp.swift; sourceTree = "<group>"; };
		CADF05122C92911E004EFCA4 /* ContentView.swift */ = {isa = PBXFileReference; lastKnownFileType = sourcecode.swift; path = ContentView.swift; sourceTree = "<group>"; };
		CADF05142C92911F004EFCA4 /* Assets.xcassets */ = {isa = PBXFileReference; lastKnownFileType = folder.assetcatalog; path = Assets.xcassets; sourceTree = "<group>"; };
		CADF05172C92911F004EFCA4 /* Preview Assets.xcassets */ = {isa = PBXFileReference; lastKnownFileType = folder.assetcatalog; path = "Preview Assets.xcassets"; sourceTree = "<group>"; };
/* End PBXFileReference section */

/* Begin PBXFrameworksBuildPhase section */
		CADF050A2C92911E004EFCA4 /* Frameworks */ = {
			isa = PBXFrameworksBuildPhase;
			buildActionMask = 2147483647;
			files = (
				CA26ABDF2C9C6CA900A849C2 /* FirebaseAnalytics in Frameworks */,
				CA26ABE32C9C6CA900A849C2 /* FirebaseAuthCombine-Community in Frameworks */,
				CA26ABEB2C9C6CA900A849C2 /* FirebaseMessaging in Frameworks */,
				CA26ABE52C9C6CA900A849C2 /* FirebaseDatabase in Frameworks */,
				CA26ABE72C9C6CA900A849C2 /* FirebaseFirestore in Frameworks */,
				CA26ABED2C9C6CA900A849C2 /* FirebaseStorage in Frameworks */,
				CA26ABE12C9C6CA900A849C2 /* FirebaseAuth in Frameworks */,
				CA26ABEF2C9C6CA900A849C2 /* FirebaseStorageCombine-Community in Frameworks */,
				CA26ABE92C9C6CA900A849C2 /* FirebaseInAppMessaging-Beta in Frameworks */,
			);
			runOnlyForDeploymentPostprocessing = 0;
		};
/* End PBXFrameworksBuildPhase section */

/* Begin PBXGroup section */
		CA26ABF02C9CBD1100A849C2 /* Views */ = {
			isa = PBXGroup;
			children = (
				CADF05102C92911E004EFCA4 /* StyleApp.swift */,
				CADF05122C92911E004EFCA4 /* ContentView.swift */,
				CA26ABF32C9CBDC800A849C2 /* RegistrationView.swift */,
				CA87CC472CA46B1400AD1595 /* BackgroundRemovalView.swift */,
			);
			path = Views;
			sourceTree = "<group>";
		};
		CA26ABF12C9CBD1900A849C2 /* Controllers */ = {
			isa = PBXGroup;
			children = (
				CA87CC4D2CA4750E00AD1595 /* UIImagePickerController.swift */,
			);
			path = Controllers;
			sourceTree = "<group>";
		};
		CA26ABF22C9CBD1E00A849C2 /* Models */ = {
			isa = PBXGroup;
			children = (
				CA87CC4B2CA4727B00AD1595 /* BackgroundRemoval.swift */,
			);
			path = Models;
			sourceTree = "<group>";
		};
		CADF05042C92911E004EFCA4 = {
			isa = PBXGroup;
			children = (
				CADF050F2C92911E004EFCA4 /* Styled */,
				CADF050E2C92911E004EFCA4 /* Products */,
			);
			sourceTree = "<group>";
		};
		CADF050E2C92911E004EFCA4 /* Products */ = {
			isa = PBXGroup;
			children = (
				CADF050D2C92911E004EFCA4 /* Styled.app */,
			);
			name = Products;
			sourceTree = "<group>";
		};
		CADF050F2C92911E004EFCA4 /* Styled */ = {
			isa = PBXGroup;
			children = (
				CA26ABF22C9CBD1E00A849C2 /* Models */,
				CA26ABF12C9CBD1900A849C2 /* Controllers */,
				CA26ABF02C9CBD1100A849C2 /* Views */,
				CA87CC492CA4702900AD1595 /* GoogleService-Info.plist */,
				CADF05142C92911F004EFCA4 /* Assets.xcassets */,
				CADF05162C92911F004EFCA4 /* Preview Content */,
			);
			path = Styled;
			sourceTree = "<group>";
		};
		CADF05162C92911F004EFCA4 /* Preview Content */ = {
			isa = PBXGroup;
			children = (
				CADF05172C92911F004EFCA4 /* Preview Assets.xcassets */,
			);
			path = "Preview Content";
			sourceTree = "<group>";
		};
/* End PBXGroup section */

/* Begin PBXNativeTarget section */
		CADF050C2C92911E004EFCA4 /* Styled */ = {
			isa = PBXNativeTarget;
			buildConfigurationList = CADF051B2C92911F004EFCA4 /* Build configuration list for PBXNativeTarget "Styled" */;
			buildPhases = (
				CADF05092C92911E004EFCA4 /* Sources */,
				CADF050A2C92911E004EFCA4 /* Frameworks */,
				CADF050B2C92911E004EFCA4 /* Resources */,
			);
			buildRules = (
			);
			dependencies = (
			);
			name = Styled;
			productName = Style;
			productReference = CADF050D2C92911E004EFCA4 /* Styled.app */;
			productType = "com.apple.product-type.application";
		};
/* End PBXNativeTarget section */

/* Begin PBXProject section */
		CADF05052C92911E004EFCA4 /* Project object */ = {
			isa = PBXProject;
			attributes = {
				BuildIndependentTargetsInParallel = 1;
				LastSwiftUpdateCheck = 1540;
				LastUpgradeCheck = 1540;
				TargetAttributes = {
					CADF050C2C92911E004EFCA4 = {
						CreatedOnToolsVersion = 15.4;
					};
				};
			};
			buildConfigurationList = CADF05082C92911E004EFCA4 /* Build configuration list for PBXProject "Styled" */;
			compatibilityVersion = "Xcode 14.0";
			developmentRegion = en;
			hasScannedForEncodings = 0;
			knownRegions = (
				en,
				Base,
			);
			mainGroup = CADF05042C92911E004EFCA4;
			packageReferences = (
				CA26ABDD2C9C6CA900A849C2 /* XCRemoteSwiftPackageReference "firebase-ios-sdk" */,
			);
			productRefGroup = CADF050E2C92911E004EFCA4 /* Products */;
			projectDirPath = "";
			projectRoot = "";
			targets = (
				CADF050C2C92911E004EFCA4 /* Styled */,
			);
		};
/* End PBXProject section */

/* Begin PBXResourcesBuildPhase section */
		CADF050B2C92911E004EFCA4 /* Resources */ = {
			isa = PBXResourcesBuildPhase;
			buildActionMask = 2147483647;
			files = (
				CADF05182C92911F004EFCA4 /* Preview Assets.xcassets in Resources */,
				CA87CC4A2CA4702900AD1595 /* GoogleService-Info.plist in Resources */,
				CADF05152C92911F004EFCA4 /* Assets.xcassets in Resources */,
			);
			runOnlyForDeploymentPostprocessing = 0;
		};
/* End PBXResourcesBuildPhase section */

/* Begin PBXSourcesBuildPhase section */
		CADF05092C92911E004EFCA4 /* Sources */ = {
			isa = PBXSourcesBuildPhase;
			buildActionMask = 2147483647;
			files = (
				CA87CC4E2CA4751000AD1595 /* UIImagePickerController.swift in Sources */,
				CA26ABF42C9CBDC800A849C2 /* RegistrationView.swift in Sources */,
				CADF05132C92911E004EFCA4 /* ContentView.swift in Sources */,
				CADF05112C92911E004EFCA4 /* StyleApp.swift in Sources */,
				CA87CC4C2CA4728A00AD1595 /* BackgroundRemoval.swift in Sources */,
				CA87CC482CA46B1400AD1595 /* BackgroundRemovalView.swift in Sources */,
			);
			runOnlyForDeploymentPostprocessing = 0;
		};
/* End PBXSourcesBuildPhase section */

/* Begin XCBuildConfiguration section */
		CADF05192C92911F004EFCA4 /* Debug */ = {
			isa = XCBuildConfiguration;
			buildSettings = {
				ALWAYS_SEARCH_USER_PATHS = NO;
				ASSETCATALOG_COMPILER_GENERATE_SWIFT_ASSET_SYMBOL_EXTENSIONS = YES;
				CLANG_ANALYZER_NONNULL = YES;
				CLANG_ANALYZER_NUMBER_OBJECT_CONVERSION = YES_AGGRESSIVE;
				CLANG_CXX_LANGUAGE_STANDARD = "gnu++20";
				CLANG_ENABLE_MODULES = YES;
				CLANG_ENABLE_OBJC_ARC = YES;
				CLANG_ENABLE_OBJC_WEAK = YES;
				CLANG_WARN_BLOCK_CAPTURE_AUTORELEASING = YES;
				CLANG_WARN_BOOL_CONVERSION = YES;
				CLANG_WARN_COMMA = YES;
				CLANG_WARN_CONSTANT_CONVERSION = YES;
				CLANG_WARN_DEPRECATED_OBJC_IMPLEMENTATIONS = YES;
				CLANG_WARN_DIRECT_OBJC_ISA_USAGE = YES_ERROR;
				CLANG_WARN_DOCUMENTATION_COMMENTS = YES;
				CLANG_WARN_EMPTY_BODY = YES;
				CLANG_WARN_ENUM_CONVERSION = YES;
				CLANG_WARN_INFINITE_RECURSION = YES;
				CLANG_WARN_INT_CONVERSION = YES;
				CLANG_WARN_NON_LITERAL_NULL_CONVERSION = YES;
				CLANG_WARN_OBJC_IMPLICIT_RETAIN_SELF = YES;
				CLANG_WARN_OBJC_LITERAL_CONVERSION = YES;
				CLANG_WARN_OBJC_ROOT_CLASS = YES_ERROR;
				CLANG_WARN_QUOTED_INCLUDE_IN_FRAMEWORK_HEADER = YES;
				CLANG_WARN_RANGE_LOOP_ANALYSIS = YES;
				CLANG_WARN_STRICT_PROTOTYPES = YES;
				CLANG_WARN_SUSPICIOUS_MOVE = YES;
				CLANG_WARN_UNGUARDED_AVAILABILITY = YES_AGGRESSIVE;
				CLANG_WARN_UNREACHABLE_CODE = YES;
				CLANG_WARN__DUPLICATE_METHOD_MATCH = YES;
				COPY_PHASE_STRIP = NO;
				DEBUG_INFORMATION_FORMAT = dwarf;
				ENABLE_STRICT_OBJC_MSGSEND = YES;
				ENABLE_TESTABILITY = YES;
				ENABLE_USER_SCRIPT_SANDBOXING = YES;
				GCC_C_LANGUAGE_STANDARD = gnu17;
				GCC_DYNAMIC_NO_PIC = NO;
				GCC_NO_COMMON_BLOCKS = YES;
				GCC_OPTIMIZATION_LEVEL = 0;
				GCC_PREPROCESSOR_DEFINITIONS = (
					"DEBUG=1",
					"$(inherited)",
				);
				GCC_WARN_64_TO_32_BIT_CONVERSION = YES;
				GCC_WARN_ABOUT_RETURN_TYPE = YES_ERROR;
				GCC_WARN_UNDECLARED_SELECTOR = YES;
				GCC_WARN_UNINITIALIZED_AUTOS = YES_AGGRESSIVE;
				GCC_WARN_UNUSED_FUNCTION = YES;
				GCC_WARN_UNUSED_VARIABLE = YES;
				IPHONEOS_DEPLOYMENT_TARGET = 17.5;
				LOCALIZATION_PREFERS_STRING_CATALOGS = YES;
				MTL_ENABLE_DEBUG_INFO = INCLUDE_SOURCE;
				MTL_FAST_MATH = YES;
				ONLY_ACTIVE_ARCH = YES;
				SDKROOT = iphoneos;
				SWIFT_ACTIVE_COMPILATION_CONDITIONS = "DEBUG $(inherited)";
				SWIFT_OPTIMIZATION_LEVEL = "-Onone";
			};
			name = Debug;
		};
		CADF051A2C92911F004EFCA4 /* Release */ = {
			isa = XCBuildConfiguration;
			buildSettings = {
				ALWAYS_SEARCH_USER_PATHS = NO;
				ASSETCATALOG_COMPILER_GENERATE_SWIFT_ASSET_SYMBOL_EXTENSIONS = YES;
				CLANG_ANALYZER_NONNULL = YES;
				CLANG_ANALYZER_NUMBER_OBJECT_CONVERSION = YES_AGGRESSIVE;
				CLANG_CXX_LANGUAGE_STANDARD = "gnu++20";
				CLANG_ENABLE_MODULES = YES;
				CLANG_ENABLE_OBJC_ARC = YES;
				CLANG_ENABLE_OBJC_WEAK = YES;
				CLANG_WARN_BLOCK_CAPTURE_AUTORELEASING = YES;
				CLANG_WARN_BOOL_CONVERSION = YES;
				CLANG_WARN_COMMA = YES;
				CLANG_WARN_CONSTANT_CONVERSION = YES;
				CLANG_WARN_DEPRECATED_OBJC_IMPLEMENTATIONS = YES;
				CLANG_WARN_DIRECT_OBJC_ISA_USAGE = YES_ERROR;
				CLANG_WARN_DOCUMENTATION_COMMENTS = YES;
				CLANG_WARN_EMPTY_BODY = YES;
				CLANG_WARN_ENUM_CONVERSION = YES;
				CLANG_WARN_INFINITE_RECURSION = YES;
				CLANG_WARN_INT_CONVERSION = YES;
				CLANG_WARN_NON_LITERAL_NULL_CONVERSION = YES;
				CLANG_WARN_OBJC_IMPLICIT_RETAIN_SELF = YES;
				CLANG_WARN_OBJC_LITERAL_CONVERSION = YES;
				CLANG_WARN_OBJC_ROOT_CLASS = YES_ERROR;
				CLANG_WARN_QUOTED_INCLUDE_IN_FRAMEWORK_HEADER = YES;
				CLANG_WARN_RANGE_LOOP_ANALYSIS = YES;
				CLANG_WARN_STRICT_PROTOTYPES = YES;
				CLANG_WARN_SUSPICIOUS_MOVE = YES;
				CLANG_WARN_UNGUARDED_AVAILABILITY = YES_AGGRESSIVE;
				CLANG_WARN_UNREACHABLE_CODE = YES;
				CLANG_WARN__DUPLICATE_METHOD_MATCH = YES;
				COPY_PHASE_STRIP = NO;
				DEBUG_INFORMATION_FORMAT = "dwarf-with-dsym";
				ENABLE_NS_ASSERTIONS = NO;
				ENABLE_STRICT_OBJC_MSGSEND = YES;
				ENABLE_USER_SCRIPT_SANDBOXING = YES;
				GCC_C_LANGUAGE_STANDARD = gnu17;
				GCC_NO_COMMON_BLOCKS = YES;
				GCC_WARN_64_TO_32_BIT_CONVERSION = YES;
				GCC_WARN_ABOUT_RETURN_TYPE = YES_ERROR;
				GCC_WARN_UNDECLARED_SELECTOR = YES;
				GCC_WARN_UNINITIALIZED_AUTOS = YES_AGGRESSIVE;
				GCC_WARN_UNUSED_FUNCTION = YES;
				GCC_WARN_UNUSED_VARIABLE = YES;
				IPHONEOS_DEPLOYMENT_TARGET = 17.5;
				LOCALIZATION_PREFERS_STRING_CATALOGS = YES;
				MTL_ENABLE_DEBUG_INFO = NO;
				MTL_FAST_MATH = YES;
				SDKROOT = iphoneos;
				SWIFT_COMPILATION_MODE = wholemodule;
				VALIDATE_PRODUCT = YES;
			};
			name = Release;
		};
		CADF051C2C92911F004EFCA4 /* Debug */ = {
			isa = XCBuildConfiguration;
			buildSettings = {
				ASSETCATALOG_COMPILER_APPICON_NAME = AppIcon;
				ASSETCATALOG_COMPILER_GLOBAL_ACCENT_COLOR_NAME = AccentColor;
				CODE_SIGN_STYLE = Automatic;
				CURRENT_PROJECT_VERSION = 1;
				DEVELOPMENT_ASSET_PATHS = "\"Styled/Preview Content\"";
				ENABLE_PREVIEWS = YES;
				GENERATE_INFOPLIST_FILE = YES;
				INFOPLIST_KEY_UIApplicationSceneManifest_Generation = YES;
				INFOPLIST_KEY_UIApplicationSupportsIndirectInputEvents = YES;
				INFOPLIST_KEY_UILaunchScreen_Generation = YES;
				INFOPLIST_KEY_UISupportedInterfaceOrientations_iPad = "UIInterfaceOrientationPortrait UIInterfaceOrientationPortraitUpsideDown UIInterfaceOrientationLandscapeLeft UIInterfaceOrientationLandscapeRight";
				INFOPLIST_KEY_UISupportedInterfaceOrientations_iPhone = "UIInterfaceOrientationPortrait UIInterfaceOrientationLandscapeLeft UIInterfaceOrientationLandscapeRight";
				LD_RUNPATH_SEARCH_PATHS = (
					"$(inherited)",
					"@executable_path/Frameworks",
				);
				MARKETING_VERSION = 1.0;
				PRODUCT_BUNDLE_IDENTIFIER = net.cmuis.67443.Styled;
				PRODUCT_NAME = "$(TARGET_NAME)";
				SWIFT_EMIT_LOC_STRINGS = YES;
				SWIFT_VERSION = 5.0;
				TARGETED_DEVICE_FAMILY = "1,2";
			};
			name = Debug;
		};
		CADF051D2C92911F004EFCA4 /* Release */ = {
			isa = XCBuildConfiguration;
			buildSettings = {
				ASSETCATALOG_COMPILER_APPICON_NAME = AppIcon;
				ASSETCATALOG_COMPILER_GLOBAL_ACCENT_COLOR_NAME = AccentColor;
				CODE_SIGN_STYLE = Automatic;
				CURRENT_PROJECT_VERSION = 1;
				DEVELOPMENT_ASSET_PATHS = "\"Styled/Preview Content\"";
				ENABLE_PREVIEWS = YES;
				GENERATE_INFOPLIST_FILE = YES;
				INFOPLIST_KEY_UIApplicationSceneManifest_Generation = YES;
				INFOPLIST_KEY_UIApplicationSupportsIndirectInputEvents = YES;
				INFOPLIST_KEY_UILaunchScreen_Generation = YES;
				INFOPLIST_KEY_UISupportedInterfaceOrientations_iPad = "UIInterfaceOrientationPortrait UIInterfaceOrientationPortraitUpsideDown UIInterfaceOrientationLandscapeLeft UIInterfaceOrientationLandscapeRight";
				INFOPLIST_KEY_UISupportedInterfaceOrientations_iPhone = "UIInterfaceOrientationPortrait UIInterfaceOrientationLandscapeLeft UIInterfaceOrientationLandscapeRight";
				LD_RUNPATH_SEARCH_PATHS = (
					"$(inherited)",
					"@executable_path/Frameworks",
				);
				MARKETING_VERSION = 1.0;
				PRODUCT_BUNDLE_IDENTIFIER = net.cmuis.67443.Styled;
				PRODUCT_NAME = "$(TARGET_NAME)";
				SWIFT_EMIT_LOC_STRINGS = YES;
				SWIFT_VERSION = 5.0;
				TARGETED_DEVICE_FAMILY = "1,2";
			};
			name = Release;
		};
/* End XCBuildConfiguration section */

/* Begin XCConfigurationList section */
		CADF05082C92911E004EFCA4 /* Build configuration list for PBXProject "Styled" */ = {
			isa = XCConfigurationList;
			buildConfigurations = (
				CADF05192C92911F004EFCA4 /* Debug */,
				CADF051A2C92911F004EFCA4 /* Release */,
			);
			defaultConfigurationIsVisible = 0;
			defaultConfigurationName = Release;
		};
		CADF051B2C92911F004EFCA4 /* Build configuration list for PBXNativeTarget "Styled" */ = {
			isa = XCConfigurationList;
			buildConfigurations = (
				CADF051C2C92911F004EFCA4 /* Debug */,
				CADF051D2C92911F004EFCA4 /* Release */,
			);
			defaultConfigurationIsVisible = 0;
			defaultConfigurationName = Release;
		};
/* End XCConfigurationList section */

/* Begin XCRemoteSwiftPackageReference section */
		CA26ABDD2C9C6CA900A849C2 /* XCRemoteSwiftPackageReference "firebase-ios-sdk" */ = {
			isa = XCRemoteSwiftPackageReference;
			repositoryURL = "https://github.com/firebase/firebase-ios-sdk";
			requirement = {
				kind = upToNextMajorVersion;
				minimumVersion = 11.2.0;
			};
		};
/* End XCRemoteSwiftPackageReference section */

/* Begin XCSwiftPackageProductDependency section */
		CA26ABDE2C9C6CA900A849C2 /* FirebaseAnalytics */ = {
			isa = XCSwiftPackageProductDependency;
			package = CA26ABDD2C9C6CA900A849C2 /* XCRemoteSwiftPackageReference "firebase-ios-sdk" */;
			productName = FirebaseAnalytics;
		};
		CA26ABE02C9C6CA900A849C2 /* FirebaseAuth */ = {
			isa = XCSwiftPackageProductDependency;
			package = CA26ABDD2C9C6CA900A849C2 /* XCRemoteSwiftPackageReference "firebase-ios-sdk" */;
			productName = FirebaseAuth;
		};
		CA26ABE22C9C6CA900A849C2 /* FirebaseAuthCombine-Community */ = {
			isa = XCSwiftPackageProductDependency;
			package = CA26ABDD2C9C6CA900A849C2 /* XCRemoteSwiftPackageReference "firebase-ios-sdk" */;
			productName = "FirebaseAuthCombine-Community";
		};
		CA26ABE42C9C6CA900A849C2 /* FirebaseDatabase */ = {
			isa = XCSwiftPackageProductDependency;
			package = CA26ABDD2C9C6CA900A849C2 /* XCRemoteSwiftPackageReference "firebase-ios-sdk" */;
			productName = FirebaseDatabase;
		};
		CA26ABE62C9C6CA900A849C2 /* FirebaseFirestore */ = {
			isa = XCSwiftPackageProductDependency;
			package = CA26ABDD2C9C6CA900A849C2 /* XCRemoteSwiftPackageReference "firebase-ios-sdk" */;
			productName = FirebaseFirestore;
		};
		CA26ABE82C9C6CA900A849C2 /* FirebaseInAppMessaging-Beta */ = {
			isa = XCSwiftPackageProductDependency;
			package = CA26ABDD2C9C6CA900A849C2 /* XCRemoteSwiftPackageReference "firebase-ios-sdk" */;
			productName = "FirebaseInAppMessaging-Beta";
		};
		CA26ABEA2C9C6CA900A849C2 /* FirebaseMessaging */ = {
			isa = XCSwiftPackageProductDependency;
			package = CA26ABDD2C9C6CA900A849C2 /* XCRemoteSwiftPackageReference "firebase-ios-sdk" */;
			productName = FirebaseMessaging;
		};
		CA26ABEC2C9C6CA900A849C2 /* FirebaseStorage */ = {
			isa = XCSwiftPackageProductDependency;
			package = CA26ABDD2C9C6CA900A849C2 /* XCRemoteSwiftPackageReference "firebase-ios-sdk" */;
			productName = FirebaseStorage;
		};
		CA26ABEE2C9C6CA900A849C2 /* FirebaseStorageCombine-Community */ = {
			isa = XCSwiftPackageProductDependency;
			package = CA26ABDD2C9C6CA900A849C2 /* XCRemoteSwiftPackageReference "firebase-ios-sdk" */;
			productName = "FirebaseStorageCombine-Community";
		};
/* End XCSwiftPackageProductDependency section */
	};
	rootObject = CADF05052C92911E004EFCA4 /* Project object */;
}
